
Microsoft Visual Studio Solution File, Format Version 12.00
# Visual Studio Version 17
VisualStudioVersion = 17.14.36121.58
MinimumVisualStudioVersion = 10.0.40219.1
Project("{FAE04EC0-301F-11D3-BF4B-00C04F79EFBC}") = "TShop.Web", "TShop.Web\TShop.Web.csproj", "{2C318EE4-84AD-4163-B7B3-E1DD82016144}"
EndProject
Project("{FAE04EC0-301F-11D3-BF4B-00C04F79EFBC}") = "TShop.Application", "TShop.Application\TShop.Application.csproj", "{0E7318F7-BFD8-41F6-A0F1-3051EDEADDBD}"
EndProject
Project("{FAE04EC0-301F-11D3-BF4B-00C04F79EFBC}") = "TShop.Infrustructure", "TShop.Infrustructure\TShop.Infrustructure.csproj", "{5DD3D641-29EB-4B6A-BB49-E1DFFFEFA0AF}"
EndProject
Project("{FAE04EC0-301F-11D3-BF4B-00C04F79EFBC}") = "TShop.Domain", "TShop.Domain\TShop.Domain.csproj", "{FBB6EE51-9E5E-4562-9604-50557397D952}"
EndProject
Project("{FAE04EC0-301F-11D3-BF4B-00C04F79EFBC}") = "TShop.Tests", "TShop.Tests\TShop.Tests.csproj", "{43645B69-1F32-4EF3-9DC1-088FA96CFFCC}"
EndProject
Global
	GlobalSection(SolutionConfigurationPlatforms) = preSolution
		Debug|Any CPU = Debug|Any CPU
		Release|Any CPU = Release|Any CPU
	EndGlobalSection
	GlobalSection(ProjectConfigurationPlatforms) = postSolution
		{2C318EE4-84AD-4163-B7B3-E1DD82016144}.Debug|Any CPU.ActiveCfg = Debug|Any CPU
		{2C318EE4-84AD-4163-B7B3-E1DD82016144}.Debug|Any CPU.Build.0 = Debug|Any CPU
		{2C318EE4-84AD-4163-B7B3-E1DD82016144}.Release|Any CPU.ActiveCfg = Release|Any CPU
		{2C318EE4-84AD-4163-B7B3-E1DD82016144}.Release|Any CPU.Build.0 = Release|Any CPU
		{0E7318F7-BFD8-41F6-A0F1-3051EDEADDBD}.Debug|Any CPU.ActiveCfg = Debug|Any CPU
		{0E7318F7-BFD8-41F6-A0F1-3051EDEADDBD}.Debug|Any CPU.Build.0 = Debug|Any CPU
		{0E7318F7-BFD8-41F6-A0F1-3051EDEADDBD}.Release|Any CPU.ActiveCfg = Release|Any CPU
		{0E7318F7-BFD8-41F6-A0F1-3051EDEADDBD}.Release|Any CPU.Build.0 = Release|Any CPU
		{5DD3D641-29EB-4B6A-BB49-E1DFFFEFA0AF}.Debug|Any CPU.ActiveCfg = Debug|Any CPU
		{5DD3D641-29EB-4B6A-BB49-E1DFFFEFA0AF}.Debug|Any CPU.Build.0 = Debug|Any CPU
		{5DD3D641-29EB-4B6A-BB49-E1DFFFEFA0AF}.Release|Any CPU.ActiveCfg = Release|Any CPU
		{5DD3D641-29EB-4B6A-BB49-E1DFFFEFA0AF}.Release|Any CPU.Build.0 = Release|Any CPU
		{FBB6EE51-9E5E-4562-9604-50557397D952}.Debug|Any CPU.ActiveCfg = Debug|Any CPU
		{FBB6EE51-9E5E-4562-9604-50557397D952}.Debug|Any CPU.Build.0 = Debug|Any CPU
		{FBB6EE51-9E5E-4562-9604-50557397D952}.Release|Any CPU.ActiveCfg = Release|Any CPU
		{FBB6EE51-9E5E-4562-9604-50557397D952}.Release|Any CPU.Build.0 = Release|Any CPU
		{43645B69-1F32-4EF3-9DC1-088FA96CFFCC}.Debug|Any CPU.ActiveCfg = Debug|Any CPU
		{43645B69-1F32-4EF3-9DC1-088FA96CFFCC}.Debug|Any CPU.Build.0 = Debug|Any CPU
		{43645B69-1F32-4EF3-9DC1-088FA96CFFCC}.Release|Any CPU.ActiveCfg = Release|Any CPU
		{43645B69-1F32-4EF3-9DC1-088FA96CFFCC}.Release|Any CPU.Build.0 = Release|Any CPU
	EndGlobalSection
	GlobalSection(SolutionProperties) = preSolution
		HideSolutionNode = FALSE
	EndGlobalSection
	GlobalSection(ExtensibilityGlobals) = postSolution
		SolutionGuid = {21212254-7574-4DB1-BAEB-720391B58863}
	EndGlobalSection
EndGlobal
